// !$*UTF8*$!
{
	archiveVersion = 1;
	classes = {
	};
	objectVersion = 55;
	objects = {

/* Begin PBXBuildFile section */
		E71F3DD327655F9C00B86C9F /* NavigationBarView.swift in Sources */ = {isa = PBXBuildFile; fileRef = E71F3DD227655F9C00B86C9F /* NavigationBarView.swift */; };
		E71F3DD8276587AA00B86C9F /* ViewStatus.swift in Sources */ = {isa = PBXBuildFile; fileRef = E71F3DD7276587AA00B86C9F /* ViewStatus.swift */; };
		E7A19A992765323B00874A8C /* HealthCenterDetailView.swift in Sources */ = {isa = PBXBuildFile; fileRef = E7A19A982765323B00874A8C /* HealthCenterDetailView.swift */; };
		E7A19A9C2765352D00874A8C /* CurrentTime.swift in Sources */ = {isa = PBXBuildFile; fileRef = E7A19A9B2765352D00874A8C /* CurrentTime.swift */; };
		E7A19A9E276536F400874A8C /* HeadingView.swift in Sources */ = {isa = PBXBuildFile; fileRef = E7A19A9D276536F400874A8C /* HeadingView.swift */; };
		E7A19AA027653A3E00874A8C /* MapView.swift in Sources */ = {isa = PBXBuildFile; fileRef = E7A19A9F27653A3E00874A8C /* MapView.swift */; };
		E7A19AA327653E9600874A8C /* MapAnnotationView.swift in Sources */ = {isa = PBXBuildFile; fileRef = E7A19AA227653E9600874A8C /* MapAnnotationView.swift */; };
		E7A19AA52765512C00874A8C /* AdditionalInfo.swift in Sources */ = {isa = PBXBuildFile; fileRef = E7A19AA42765512C00874A8C /* AdditionalInfo.swift */; };
		E7A19AA72765572E00874A8C /* AsyncImageView.swift in Sources */ = {isa = PBXBuildFile; fileRef = E7A19AA62765572E00874A8C /* AsyncImageView.swift */; };
		E7B4E6C727650B28009464B1 /* GetVacApp.swift in Sources */ = {isa = PBXBuildFile; fileRef = E7B4E6C627650B28009464B1 /* GetVacApp.swift */; };
		E7B4E6C927650B28009464B1 /* ContentView.swift in Sources */ = {isa = PBXBuildFile; fileRef = E7B4E6C827650B28009464B1 /* ContentView.swift */; };
		E7B4E6CB27650B28009464B1 /* Assets.xcassets in Resources */ = {isa = PBXBuildFile; fileRef = E7B4E6CA27650B28009464B1 /* Assets.xcassets */; };
		E7B4E6CE27650B28009464B1 /* Preview Assets.xcassets in Resources */ = {isa = PBXBuildFile; fileRef = E7B4E6CD27650B28009464B1 /* Preview Assets.xcassets */; };
		E7B4E6DE276514D8009464B1 /* HealthCenter.swift in Sources */ = {isa = PBXBuildFile; fileRef = E7B4E6DD276514D8009464B1 /* HealthCenter.swift */; };
		E7B4E6E027651680009464B1 /* ModelData.swift in Sources */ = {isa = PBXBuildFile; fileRef = E7B4E6DF27651680009464B1 /* ModelData.swift */; };
		E7B4E6E727651F47009464B1 /* HealthCenterListView.swift in Sources */ = {isa = PBXBuildFile; fileRef = E7B4E6E627651F47009464B1 /* HealthCenterListView.swift */; };
		E7B4E6E927652132009464B1 /* healthCenterData.json in Resources */ = {isa = PBXBuildFile; fileRef = E7B4E6E827652132009464B1 /* healthCenterData.json */; };
		E7B4E6EC27652BCB009464B1 /* InfoMainView.swift in Sources */ = {isa = PBXBuildFile; fileRef = E7B4E6EB27652BCB009464B1 /* InfoMainView.swift */; };
/* End PBXBuildFile section */

/* Begin PBXFileReference section */
		E71F3DD227655F9C00B86C9F /* NavigationBarView.swift */ = {isa = PBXFileReference; lastKnownFileType = sourcecode.swift; path = NavigationBarView.swift; sourceTree = "<group>"; };
		E71F3DD7276587AA00B86C9F /* ViewStatus.swift */ = {isa = PBXFileReference; lastKnownFileType = sourcecode.swift; path = ViewStatus.swift; sourceTree = "<group>"; };
		E7A19A982765323B00874A8C /* HealthCenterDetailView.swift */ = {isa = PBXFileReference; lastKnownFileType = sourcecode.swift; path = HealthCenterDetailView.swift; sourceTree = "<group>"; };
		E7A19A9B2765352D00874A8C /* CurrentTime.swift */ = {isa = PBXFileReference; lastKnownFileType = sourcecode.swift; path = CurrentTime.swift; sourceTree = "<group>"; };
		E7A19A9D276536F400874A8C /* HeadingView.swift */ = {isa = PBXFileReference; lastKnownFileType = sourcecode.swift; path = HeadingView.swift; sourceTree = "<group>"; };
		E7A19A9F27653A3E00874A8C /* MapView.swift */ = {isa = PBXFileReference; lastKnownFileType = sourcecode.swift; path = MapView.swift; sourceTree = "<group>"; };
		E7A19AA227653E9600874A8C /* MapAnnotationView.swift */ = {isa = PBXFileReference; lastKnownFileType = sourcecode.swift; path = MapAnnotationView.swift; sourceTree = "<group>"; };
		E7A19AA42765512C00874A8C /* AdditionalInfo.swift */ = {isa = PBXFileReference; lastKnownFileType = sourcecode.swift; path = AdditionalInfo.swift; sourceTree = "<group>"; };
		E7A19AA62765572E00874A8C /* AsyncImageView.swift */ = {isa = PBXFileReference; lastKnownFileType = sourcecode.swift; path = AsyncImageView.swift; sourceTree = "<group>"; };
		E7B4E6C327650B28009464B1 /* GetVac.app */ = {isa = PBXFileReference; explicitFileType = wrapper.application; includeInIndex = 0; path = GetVac.app; sourceTree = BUILT_PRODUCTS_DIR; };
		E7B4E6C627650B28009464B1 /* GetVacApp.swift */ = {isa = PBXFileReference; lastKnownFileType = sourcecode.swift; path = GetVacApp.swift; sourceTree = "<group>"; };
		E7B4E6C827650B28009464B1 /* ContentView.swift */ = {isa = PBXFileReference; lastKnownFileType = sourcecode.swift; path = ContentView.swift; sourceTree = "<group>"; };
		E7B4E6CA27650B28009464B1 /* Assets.xcassets */ = {isa = PBXFileReference; lastKnownFileType = folder.assetcatalog; path = Assets.xcassets; sourceTree = "<group>"; };
		E7B4E6CD27650B28009464B1 /* Preview Assets.xcassets */ = {isa = PBXFileReference; lastKnownFileType = folder.assetcatalog; path = "Preview Assets.xcassets"; sourceTree = "<group>"; };
		E7B4E6DC27651420009464B1 /* Info.plist */ = {isa = PBXFileReference; lastKnownFileType = text.plist; path = Info.plist; sourceTree = "<group>"; };
		E7B4E6DD276514D8009464B1 /* HealthCenter.swift */ = {isa = PBXFileReference; lastKnownFileType = sourcecode.swift; path = HealthCenter.swift; sourceTree = "<group>"; };
		E7B4E6DF27651680009464B1 /* ModelData.swift */ = {isa = PBXFileReference; lastKnownFileType = sourcecode.swift; path = ModelData.swift; sourceTree = "<group>"; };
		E7B4E6E627651F47009464B1 /* HealthCenterListView.swift */ = {isa = PBXFileReference; lastKnownFileType = sourcecode.swift; path = HealthCenterListView.swift; sourceTree = "<group>"; };
		E7B4E6E827652132009464B1 /* healthCenterData.json */ = {isa = PBXFileReference; fileEncoding = 4; lastKnownFileType = text.json; path = healthCenterData.json; sourceTree = "<group>"; };
		E7B4E6EB27652BCB009464B1 /* InfoMainView.swift */ = {isa = PBXFileReference; lastKnownFileType = sourcecode.swift; path = InfoMainView.swift; sourceTree = "<group>"; };
/* End PBXFileReference section */

/* Begin PBXFrameworksBuildPhase section */
		E7B4E6C027650B28009464B1 /* Frameworks */ = {
			isa = PBXFrameworksBuildPhase;
			buildActionMask = 2147483647;
			files = (
			);
			runOnlyForDeploymentPostprocessing = 0;
		};
/* End PBXFrameworksBuildPhase section */

/* Begin PBXGroup section */
		E71F3DD62765877800B86C9F /* Utility */ = {
			isa = PBXGroup;
			children = (
				E71F3DD7276587AA00B86C9F /* ViewStatus.swift */,
			);
			path = Utility;
			sourceTree = "<group>";
		};
		E7A19A9A2765351500874A8C /* Helper */ = {
			isa = PBXGroup;
			children = (
				E7A19A9B2765352D00874A8C /* CurrentTime.swift */,
			);
			path = Helper;
			sourceTree = "<group>";
		};
		E7A19AA127653AA700874A8C /* Helpers */ = {
			isa = PBXGroup;
			children = (
				E7A19A9F27653A3E00874A8C /* MapView.swift */,
				E7A19AA227653E9600874A8C /* MapAnnotationView.swift */,
			);
			path = Helpers;
			sourceTree = "<group>";
		};
		E7B4E6BA27650B28009464B1 = {
			isa = PBXGroup;
			children = (
				E7B4E6C527650B28009464B1 /* GetVac */,
				E7B4E6C427650B28009464B1 /* Products */,
			);
			sourceTree = "<group>";
		};
		E7B4E6C427650B28009464B1 /* Products */ = {
			isa = PBXGroup;
			children = (
				E7B4E6C327650B28009464B1 /* GetVac.app */,
			);
			name = Products;
			sourceTree = "<group>";
		};
		E7B4E6C527650B28009464B1 /* GetVac */ = {
			isa = PBXGroup;
			children = (
				E7B4E6C627650B28009464B1 /* GetVacApp.swift */,
				E7B4E6DC27651420009464B1 /* Info.plist */,
				E7A19A9A2765351500874A8C /* Helper */,
				E7B4E6DA27650D99009464B1 /* Resources */,
				E7B4E6D927650C28009464B1 /* Model */,
				E7B4E6D427650BBE009464B1 /* View */,
				E71F3DD62765877800B86C9F /* Utility */,
				E7B4E6CA27650B28009464B1 /* Assets.xcassets */,
				E7B4E6CC27650B28009464B1 /* Preview Content */,
			);
			path = GetVac;
			sourceTree = "<group>";
		};
		E7B4E6CC27650B28009464B1 /* Preview Content */ = {
			isa = PBXGroup;
			children = (
				E7B4E6CD27650B28009464B1 /* Preview Assets.xcassets */,
			);
			path = "Preview Content";
			sourceTree = "<group>";
		};
		E7B4E6D427650BBE009464B1 /* View */ = {
			isa = PBXGroup;
			children = (
				E7A19AA127653AA700874A8C /* Helpers */,
				E7B4E6EA27652B95009464B1 /* Info */,
				E7B4E6E127651ED9009464B1 /* HealthCenters */,
				E7B4E6C827650B28009464B1 /* ContentView.swift */,
				E7A19A9D276536F400874A8C /* HeadingView.swift */,
			);
			path = View;
			sourceTree = "<group>";
		};
		E7B4E6D927650C28009464B1 /* Model */ = {
			isa = PBXGroup;
			children = (
				E7B4E6DD276514D8009464B1 /* HealthCenter.swift */,
				E7B4E6DF27651680009464B1 /* ModelData.swift */,
			);
			path = Model;
			sourceTree = "<group>";
		};
		E7B4E6DA27650D99009464B1 /* Resources */ = {
			isa = PBXGroup;
			children = (
				E7B4E6E827652132009464B1 /* healthCenterData.json */,
			);
			path = Resources;
			sourceTree = "<group>";
		};
		E7B4E6E127651ED9009464B1 /* HealthCenters */ = {
			isa = PBXGroup;
			children = (
				E7B4E6E627651F47009464B1 /* HealthCenterListView.swift */,
				E7A19A982765323B00874A8C /* HealthCenterDetailView.swift */,
			);
			path = HealthCenters;
			sourceTree = "<group>";
		};
		E7B4E6EA27652B95009464B1 /* Info */ = {
			isa = PBXGroup;
			children = (
				E7B4E6EB27652BCB009464B1 /* InfoMainView.swift */,
				E7A19AA42765512C00874A8C /* AdditionalInfo.swift */,
				E7A19AA62765572E00874A8C /* AsyncImageView.swift */,
				E71F3DD227655F9C00B86C9F /* NavigationBarView.swift */,
			);
			path = Info;
			sourceTree = "<group>";
		};
/* End PBXGroup section */

/* Begin PBXNativeTarget section */
		E7B4E6C227650B28009464B1 /* GetVac */ = {
			isa = PBXNativeTarget;
			buildConfigurationList = E7B4E6D127650B28009464B1 /* Build configuration list for PBXNativeTarget "GetVac" */;
			buildPhases = (
				E7B4E6BF27650B28009464B1 /* Sources */,
				E7B4E6C027650B28009464B1 /* Frameworks */,
				E7B4E6C127650B28009464B1 /* Resources */,
			);
			buildRules = (
			);
			dependencies = (
			);
			name = GetVac;
			productName = GetVac;
			productReference = E7B4E6C327650B28009464B1 /* GetVac.app */;
			productType = "com.apple.product-type.application";
		};
/* End PBXNativeTarget section */

/* Begin PBXProject section */
		E7B4E6BB27650B28009464B1 /* Project object */ = {
			isa = PBXProject;
			attributes = {
				BuildIndependentTargetsInParallel = 1;
				LastSwiftUpdateCheck = 1310;
				LastUpgradeCheck = 1310;
				TargetAttributes = {
					E7B4E6C227650B28009464B1 = {
						CreatedOnToolsVersion = 13.1;
					};
				};
			};
			buildConfigurationList = E7B4E6BE27650B28009464B1 /* Build configuration list for PBXProject "GetVac" */;
			compatibilityVersion = "Xcode 13.0";
			developmentRegion = en;
			hasScannedForEncodings = 0;
			knownRegions = (
				en,
				Base,
			);
			mainGroup = E7B4E6BA27650B28009464B1;
			productRefGroup = E7B4E6C427650B28009464B1 /* Products */;
			projectDirPath = "";
			projectRoot = "";
			targets = (
				E7B4E6C227650B28009464B1 /* GetVac */,
			);
		};
/* End PBXProject section */

/* Begin PBXResourcesBuildPhase section */
		E7B4E6C127650B28009464B1 /* Resources */ = {
			isa = PBXResourcesBuildPhase;
			buildActionMask = 2147483647;
			files = (
				E7B4E6CE27650B28009464B1 /* Preview Assets.xcassets in Resources */,
				E7B4E6E927652132009464B1 /* healthCenterData.json in Resources */,
				E7B4E6CB27650B28009464B1 /* Assets.xcassets in Resources */,
			);
			runOnlyForDeploymentPostprocessing = 0;
		};
/* End PBXResourcesBuildPhase section */

/* Begin PBXSourcesBuildPhase section */
		E7B4E6BF27650B28009464B1 /* Sources */ = {
			isa = PBXSourcesBuildPhase;
			buildActionMask = 2147483647;
			files = (
				E7A19AA52765512C00874A8C /* AdditionalInfo.swift in Sources */,
				E7A19AA327653E9600874A8C /* MapAnnotationView.swift in Sources */,
				E7B4E6E727651F47009464B1 /* HealthCenterListView.swift in Sources */,
				E7B4E6EC27652BCB009464B1 /* InfoMainView.swift in Sources */,
				E7B4E6DE276514D8009464B1 /* HealthCenter.swift in Sources */,
				E7B4E6E027651680009464B1 /* ModelData.swift in Sources */,
				E7A19A9E276536F400874A8C /* HeadingView.swift in Sources */,
				E7A19A992765323B00874A8C /* HealthCenterDetailView.swift in Sources */,
				E7B4E6C927650B28009464B1 /* ContentView.swift in Sources */,
				E7A19AA027653A3E00874A8C /* MapView.swift in Sources */,
				E7A19A9C2765352D00874A8C /* CurrentTime.swift in Sources */,
				E7A19AA72765572E00874A8C /* AsyncImageView.swift in Sources */,
				E71F3DD8276587AA00B86C9F /* ViewStatus.swift in Sources */,
				E71F3DD327655F9C00B86C9F /* NavigationBarView.swift in Sources */,
				E7B4E6C727650B28009464B1 /* GetVacApp.swift in Sources */,
			);
			runOnlyForDeploymentPostprocessing = 0;
		};
/* End PBXSourcesBuildPhase section */

/* Begin XCBuildConfiguration section */
		E7B4E6CF27650B28009464B1 /* Debug */ = {
			isa = XCBuildConfiguration;
			buildSettings = {
				ALWAYS_SEARCH_USER_PATHS = NO;
				CLANG_ANALYZER_NONNULL = YES;
				CLANG_ANALYZER_NUMBER_OBJECT_CONVERSION = YES_AGGRESSIVE;
				CLANG_CXX_LANGUAGE_STANDARD = "gnu++17";
				CLANG_CXX_LIBRARY = "libc++";
				CLANG_ENABLE_MODULES = YES;
				CLANG_ENABLE_OBJC_ARC = YES;
				CLANG_ENABLE_OBJC_WEAK = YES;
				CLANG_WARN_BLOCK_CAPTURE_AUTORELEASING = YES;
				CLANG_WARN_BOOL_CONVERSION = YES;
				CLANG_WARN_COMMA = YES;
				CLANG_WARN_CONSTANT_CONVERSION = YES;
				CLANG_WARN_DEPRECATED_OBJC_IMPLEMENTATIONS = YES;
				CLANG_WARN_DIRECT_OBJC_ISA_USAGE = YES_ERROR;
				CLANG_WARN_DOCUMENTATION_COMMENTS = YES;
				CLANG_WARN_EMPTY_BODY = YES;
				CLANG_WARN_ENUM_CONVERSION = YES;
				CLANG_WARN_INFINITE_RECURSION = YES;
				CLANG_WARN_INT_CONVERSION = YES;
				CLANG_WARN_NON_LITERAL_NULL_CONVERSION = YES;
				CLANG_WARN_OBJC_IMPLICIT_RETAIN_SELF = YES;
				CLANG_WARN_OBJC_LITERAL_CONVERSION = YES;
				CLANG_WARN_OBJC_ROOT_CLASS = YES_ERROR;
				CLANG_WARN_QUOTED_INCLUDE_IN_FRAMEWORK_HEADER = YES;
				CLANG_WARN_RANGE_LOOP_ANALYSIS = YES;
				CLANG_WARN_STRICT_PROTOTYPES = YES;
				CLANG_WARN_SUSPICIOUS_MOVE = YES;
				CLANG_WARN_UNGUARDED_AVAILABILITY = YES_AGGRESSIVE;
				CLANG_WARN_UNREACHABLE_CODE = YES;
				CLANG_WARN__DUPLICATE_METHOD_MATCH = YES;
				COPY_PHASE_STRIP = NO;
				DEBUG_INFORMATION_FORMAT = dwarf;
				ENABLE_STRICT_OBJC_MSGSEND = YES;
				ENABLE_TESTABILITY = YES;
				GCC_C_LANGUAGE_STANDARD = gnu11;
				GCC_DYNAMIC_NO_PIC = NO;
				GCC_NO_COMMON_BLOCKS = YES;
				GCC_OPTIMIZATION_LEVEL = 0;
				GCC_PREPROCESSOR_DEFINITIONS = (
					"DEBUG=1",
					"$(inherited)",
				);
				GCC_WARN_64_TO_32_BIT_CONVERSION = YES;
				GCC_WARN_ABOUT_RETURN_TYPE = YES_ERROR;
				GCC_WARN_UNDECLARED_SELECTOR = YES;
				GCC_WARN_UNINITIALIZED_AUTOS = YES_AGGRESSIVE;
				GCC_WARN_UNUSED_FUNCTION = YES;
				GCC_WARN_UNUSED_VARIABLE = YES;
				IPHONEOS_DEPLOYMENT_TARGET = 15.0;
				MTL_ENABLE_DEBUG_INFO = INCLUDE_SOURCE;
				MTL_FAST_MATH = YES;
				ONLY_ACTIVE_ARCH = YES;
				SDKROOT = iphoneos;
				SWIFT_ACTIVE_COMPILATION_CONDITIONS = DEBUG;
				SWIFT_OPTIMIZATION_LEVEL = "-Onone";
			};
			name = Debug;
		};
		E7B4E6D027650B28009464B1 /* Release */ = {
			isa = XCBuildConfiguration;
			buildSettings = {
				ALWAYS_SEARCH_USER_PATHS = NO;
				CLANG_ANALYZER_NONNULL = YES;
				CLANG_ANALYZER_NUMBER_OBJECT_CONVERSION = YES_AGGRESSIVE;
				CLANG_CXX_LANGUAGE_STANDARD = "gnu++17";
				CLANG_CXX_LIBRARY = "libc++";
				CLANG_ENABLE_MODULES = YES;
				CLANG_ENABLE_OBJC_ARC = YES;
				CLANG_ENABLE_OBJC_WEAK = YES;
				CLANG_WARN_BLOCK_CAPTURE_AUTORELEASING = YES;
				CLANG_WARN_BOOL_CONVERSION = YES;
				CLANG_WARN_COMMA = YES;
				CLANG_WARN_CONSTANT_CONVERSION = YES;
				CLANG_WARN_DEPRECATED_OBJC_IMPLEMENTATIONS = YES;
				CLANG_WARN_DIRECT_OBJC_ISA_USAGE = YES_ERROR;
				CLANG_WARN_DOCUMENTATION_COMMENTS = YES;
				CLANG_WARN_EMPTY_BODY = YES;
				CLANG_WARN_ENUM_CONVERSION = YES;
				CLANG_WARN_INFINITE_RECURSION = YES;
				CLANG_WARN_INT_CONVERSION = YES;
				CLANG_WARN_NON_LITERAL_NULL_CONVERSION = YES;
				CLANG_WARN_OBJC_IMPLICIT_RETAIN_SELF = YES;
				CLANG_WARN_OBJC_LITERAL_CONVERSION = YES;
				CLANG_WARN_OBJC_ROOT_CLASS = YES_ERROR;
				CLANG_WARN_QUOTED_INCLUDE_IN_FRAMEWORK_HEADER = YES;
				CLANG_WARN_RANGE_LOOP_ANALYSIS = YES;
				CLANG_WARN_STRICT_PROTOTYPES = YES;
				CLANG_WARN_SUSPICIOUS_MOVE = YES;
				CLANG_WARN_UNGUARDED_AVAILABILITY = YES_AGGRESSIVE;
				CLANG_WARN_UNREACHABLE_CODE = YES;
				CLANG_WARN__DUPLICATE_METHOD_MATCH = YES;
				COPY_PHASE_STRIP = NO;
				DEBUG_INFORMATION_FORMAT = "dwarf-with-dsym";
				ENABLE_NS_ASSERTIONS = NO;
				ENABLE_STRICT_OBJC_MSGSEND = YES;
				GCC_C_LANGUAGE_STANDARD = gnu11;
				GCC_NO_COMMON_BLOCKS = YES;
				GCC_WARN_64_TO_32_BIT_CONVERSION = YES;
				GCC_WARN_ABOUT_RETURN_TYPE = YES_ERROR;
				GCC_WARN_UNDECLARED_SELECTOR = YES;
				GCC_WARN_UNINITIALIZED_AUTOS = YES_AGGRESSIVE;
				GCC_WARN_UNUSED_FUNCTION = YES;
				GCC_WARN_UNUSED_VARIABLE = YES;
				IPHONEOS_DEPLOYMENT_TARGET = 15.0;
				MTL_ENABLE_DEBUG_INFO = NO;
				MTL_FAST_MATH = YES;
				SDKROOT = iphoneos;
				SWIFT_COMPILATION_MODE = wholemodule;
				SWIFT_OPTIMIZATION_LEVEL = "-O";
				VALIDATE_PRODUCT = YES;
			};
			name = Release;
		};
		E7B4E6D227650B28009464B1 /* Debug */ = {
			isa = XCBuildConfiguration;
			buildSettings = {
				ASSETCATALOG_COMPILER_APPICON_NAME = AppIcon;
				ASSETCATALOG_COMPILER_GLOBAL_ACCENT_COLOR_NAME = AccentColor;
				CODE_SIGN_STYLE = Automatic;
				CURRENT_PROJECT_VERSION = 1;
				DEVELOPMENT_ASSET_PATHS = "\"GetVac/Preview Content\"";
				DEVELOPMENT_TEAM = NVL8V53A55;
				ENABLE_PREVIEWS = YES;
				GENERATE_INFOPLIST_FILE = YES;
				INFOPLIST_FILE = GetVac/Info.plist;
				INFOPLIST_KEY_UIApplicationSceneManifest_Generation = YES;
				INFOPLIST_KEY_UIApplicationSupportsIndirectInputEvents = YES;
				INFOPLIST_KEY_UISupportedInterfaceOrientations_iPad = "UIInterfaceOrientationPortrait UIInterfaceOrientationPortraitUpsideDown UIInterfaceOrientationLandscapeLeft UIInterfaceOrientationLandscapeRight";
				INFOPLIST_KEY_UISupportedInterfaceOrientations_iPhone = "UIInterfaceOrientationPortrait UIInterfaceOrientationLandscapeLeft UIInterfaceOrientationLandscapeRight";
				INFOPLIST_KEY_UIUserInterfaceStyle = Light;
				LD_RUNPATH_SEARCH_PATHS = (
					"$(inherited)",
					"@executable_path/Frameworks",
				);
				MARKETING_VERSION = 1.0;
				PRODUCT_BUNDLE_IDENTIFIER = nvs.arthur.GetVac;
				PRODUCT_NAME = "$(TARGET_NAME)";
				SWIFT_EMIT_LOC_STRINGS = YES;
				SWIFT_VERSION = 5.0;
				TARGETED_DEVICE_FAMILY = "1,2";
			};
			name = Debug;
		};
		E7B4E6D327650B28009464B1 /* Release */ = {
			isa = XCBuildConfiguration;
			buildSettings = {
				ASSETCATALOG_COMPILER_APPICON_NAME = AppIcon;
				ASSETCATALOG_COMPILER_GLOBAL_ACCENT_COLOR_NAME = AccentColor;
				CODE_SIGN_STYLE = Automatic;
				CURRENT_PROJECT_VERSION = 1;
				DEVELOPMENT_ASSET_PATHS = "\"GetVac/Preview Content\"";
				DEVELOPMENT_TEAM = NVL8V53A55;
				ENABLE_PREVIEWS = YES;
				GENERATE_INFOPLIST_FILE = YES;
				INFOPLIST_FILE = GetVac/Info.plist;
				INFOPLIST_KEY_UIApplicationSceneManifest_Generation = YES;
				INFOPLIST_KEY_UIApplicationSupportsIndirectInputEvents = YES;
				INFOPLIST_KEY_UISupportedInterfaceOrientations_iPad = "UIInterfaceOrientationPortrait UIInterfaceOrientationPortraitUpsideDown UIInterfaceOrientationLandscapeLeft UIInterfaceOrientationLandscapeRight";
				INFOPLIST_KEY_UISupportedInterfaceOrientations_iPhone = "UIInterfaceOrientationPortrait UIInterfaceOrientationLandscapeLeft UIInterfaceOrientationLandscapeRight";
				INFOPLIST_KEY_UIUserInterfaceStyle = Light;
				LD_RUNPATH_SEARCH_PATHS = (
					"$(inherited)",
					"@executable_path/Frameworks",
				);
				MARKETING_VERSION = 1.0;
				PRODUCT_BUNDLE_IDENTIFIER = nvs.arthur.GetVac;
				PRODUCT_NAME = "$(TARGET_NAME)";
				SWIFT_EMIT_LOC_STRINGS = YES;
				SWIFT_VERSION = 5.0;
				TARGETED_DEVICE_FAMILY = "1,2";
			};
			name = Release;
		};
/* End XCBuildConfiguration section */

/* Begin XCConfigurationList section */
		E7B4E6BE27650B28009464B1 /* Build configuration list for PBXProject "GetVac" */ = {
			isa = XCConfigurationList;
			buildConfigurations = (
				E7B4E6CF27650B28009464B1 /* Debug */,
				E7B4E6D027650B28009464B1 /* Release */,
			);
			defaultConfigurationIsVisible = 0;
			defaultConfigurationName = Release;
		};
		E7B4E6D127650B28009464B1 /* Build configuration list for PBXNativeTarget "GetVac" */ = {
			isa = XCConfigurationList;
			buildConfigurations = (
				E7B4E6D227650B28009464B1 /* Debug */,
				E7B4E6D327650B28009464B1 /* Release */,
			);
			defaultConfigurationIsVisible = 0;
			defaultConfigurationName = Release;
		};
/* End XCConfigurationList section */
	};
	rootObject = E7B4E6BB27650B28009464B1 /* Project object */;
}
